
Microsoft Visual Studio Solution File, Format Version 12.00
# Visual Studio Version 17
VisualStudioVersion = 17.8.34511.84
MinimumVisualStudioVersion = 10.0.40219.1
Project("{FAE04EC0-301F-11D3-BF4B-00C04F79EFBC}") = "7-2-5", "7-2-5\7-2-5.csproj", "{ED481755-0C11-4573-9A73-1D7EA2E51BB5}"
EndProject
Global
	GlobalSection(SolutionConfigurationPlatforms) = preSolution
		Debug|Any CPU = Debug|Any CPU
		Release|Any CPU = Release|Any CPU
	EndGlobalSection
	GlobalSection(ProjectConfigurationPlatforms) = postSolution
		{ED481755-0C11-4573-9A73-1D7EA2E51BB5}.Debug|Any CPU.ActiveCfg = Debug|Any CPU
		{ED481755-0C11-4573-9A73-1D7EA2E51BB5}.Debug|Any CPU.Build.0 = Debug|Any CPU
		{ED481755-0C11-4573-9A73-1D7EA2E51BB5}.Release|Any CPU.ActiveCfg = Release|Any CPU
		{ED481755-0C11-4573-9A73-1D7EA2E51BB5}.Release|Any CPU.Build.0 = Release|Any CPU
	EndGlobalSection
	GlobalSection(SolutionProperties) = preSolution
		HideSolutionNode = FALSE
	EndGlobalSection
	GlobalSection(ExtensibilityGlobals) = postSolution
		SolutionGuid = {2265448B-28DD-4FA4-A6CB-F05185DCCC23}
	EndGlobalSection
EndGlobal
